
Microsoft Visual Studio Solution File, Format Version 12.00
# Visual Studio Version 16
VisualStudioVersion = 16.0.30104.148
MinimumVisualStudioVersion = 10.0.40219.1
Project("{FAE04EC0-301F-11D3-BF4B-00C04F79EFBC}") = "TemplatePattern", "TemplatePattern\TemplatePattern.csproj", "{C3A5FF94-E2AA-41E3-8AAA-23276433419C}"
EndProject
Global
	GlobalSection(SolutionConfigurationPlatforms) = preSolution
		Debug|Any CPU = Debug|Any CPU
		Release|Any CPU = Release|Any CPU
	EndGlobalSection
	GlobalSection(ProjectConfigurationPlatforms) = postSolution
		{C3A5FF94-E2AA-41E3-8AAA-23276433419C}.Debug|Any CPU.ActiveCfg = Debug|Any CPU
		{C3A5FF94-E2AA-41E3-8AAA-23276433419C}.Debug|Any CPU.Build.0 = Debug|Any CPU
		{C3A5FF94-E2AA-41E3-8AAA-23276433419C}.Release|Any CPU.ActiveCfg = Release|Any CPU
		{C3A5FF94-E2AA-41E3-8AAA-23276433419C}.Release|Any CPU.Build.0 = Release|Any CPU
	EndGlobalSection
	GlobalSection(SolutionProperties) = preSolution
		HideSolutionNode = FALSE
	EndGlobalSection
	GlobalSection(ExtensibilityGlobals) = postSolution
		SolutionGuid = {44AEA4D1-3C6A-4B39-B0EA-C0A73DA7F398}
	EndGlobalSection
EndGlobal
